
Microsoft Visual Studio Solution File, Format Version 12.00
# Visual Studio Version 17
VisualStudioVersion = 17.5.002.0
MinimumVisualStudioVersion = 10.0.40219.1
Project("{2150E333-8FDC-42A3-9474-1A3956D46DE8}") = "src", "src", "{F63892BA-2AE0-436B-AE7C-EC55FEC5C0FF}"
EndProject
Project("{9A19103F-16F7-4668-BE54-9A1E7A4F7556}") = "myFirstService", "src\net\myFirstService.csproj", "{31E08151-894A-487D-B119-CD8F4F67D2E0}"
EndProject
Global
	GlobalSection(SolutionConfigurationPlatforms) = preSolution
		Debug|Any CPU = Debug|Any CPU
		Release|Any CPU = Release|Any CPU
	EndGlobalSection
	GlobalSection(ProjectConfigurationPlatforms) = postSolution
		{31E08151-894A-487D-B119-CD8F4F67D2E0}.Debug|Any CPU.ActiveCfg = Debug|Any CPU
		{31E08151-894A-487D-B119-CD8F4F67D2E0}.Debug|Any CPU.Build.0 = Debug|Any CPU
		{31E08151-894A-487D-B119-CD8F4F67D2E0}.Release|Any CPU.ActiveCfg = Release|Any CPU
		{31E08151-894A-487D-B119-CD8F4F67D2E0}.Release|Any CPU.Build.0 = Release|Any CPU
	EndGlobalSection
	GlobalSection(SolutionProperties) = preSolution
		HideSolutionNode = FALSE
	EndGlobalSection
	GlobalSection(NestedProjects) = preSolution
		{31E08151-894A-487D-B119-CD8F4F67D2E0} = {F63892BA-2AE0-436B-AE7C-EC55FEC5C0FF}
	EndGlobalSection
	GlobalSection(ExtensibilityGlobals) = postSolution
		SolutionGuid = {38E488BB-EDD7-4169-ADB9-C1D8023E5AB4}
	EndGlobalSection
EndGlobal
